
Microsoft Visual Studio Solution File, Format Version 12.00
# Visual Studio Version 17
VisualStudioVersion = 17.14.36623.8 d17.14
MinimumVisualStudioVersion = 10.0.40219.1
Project("{FAE04EC0-301F-11D3-BF4B-00C04F79EFBC}") = "Tema_EGC_Slots", "Tema_EGC_Slots.csproj", "{0D505832-3D6B-459B-AE3F-9447A0500F48}"
EndProject
Global
	GlobalSection(SolutionConfigurationPlatforms) = preSolution
		Debug|Any CPU = Debug|Any CPU
		Release|Any CPU = Release|Any CPU
	EndGlobalSection
	GlobalSection(ProjectConfigurationPlatforms) = postSolution
		{0D505832-3D6B-459B-AE3F-9447A0500F48}.Debug|Any CPU.ActiveCfg = Debug|Any CPU
		{0D505832-3D6B-459B-AE3F-9447A0500F48}.Debug|Any CPU.Build.0 = Debug|Any CPU
		{0D505832-3D6B-459B-AE3F-9447A0500F48}.Release|Any CPU.ActiveCfg = Release|Any CPU
		{0D505832-3D6B-459B-AE3F-9447A0500F48}.Release|Any CPU.Build.0 = Release|Any CPU
	EndGlobalSection
	GlobalSection(SolutionProperties) = preSolution
		HideSolutionNode = FALSE
	EndGlobalSection
	GlobalSection(ExtensibilityGlobals) = postSolution
		SolutionGuid = {28AE7FED-8BCC-4E3B-9DB3-E67FC5CFE1DA}
	EndGlobalSection
EndGlobal
